
Microsoft Visual Studio Solution File, Format Version 12.00
# Visual Studio 14
VisualStudioVersion = 14.0.25420.1
MinimumVisualStudioVersion = 10.0.40219.1
Project("{FAE04EC0-301F-11D3-BF4B-00C04F79EFBC}") = "SampleApp", "IntSample\SampleApp.csproj", "{9AA576BD-A6C0-4A4E-A86B-D4F45343DB31}"
EndProject
Project("{FAE04EC0-301F-11D3-BF4B-00C04F79EFBC}") = "Dev.Options", "Dev.Options\Dev.Options.csproj", "{CDE30AEC-043E-4B66-8803-6BB44120624F}"
EndProject
Project("{FAE04EC0-301F-11D3-BF4B-00C04F79EFBC}") = "Dev.Sales", "Dev.Sales\Dev.Sales.csproj", "{367BEB2F-64C6-4376-90C4-CD4B396B56F7}"
EndProject
Project("{FAE04EC0-301F-11D3-BF4B-00C04F79EFBC}") = "Dev.Fabric", "Dev.Fabric\Dev.Fabric.csproj", "{7B9273D5-CC8E-4DB5-9494-B4CC37F9F25C}"
EndProject
Project("{FAE04EC0-301F-11D3-BF4B-00C04F79EFBC}") = "Dev.Codes", "Dev.System\Dev.Codes.csproj", "{3CDCBB62-E373-4537-97A7-659078F56338}"
EndProject
Project("{FAE04EC0-301F-11D3-BF4B-00C04F79EFBC}") = "Dev.Pattern", "Dev.Pattern\Dev.Pattern.csproj", "{645BD20A-5723-40F4-9D9F-8684A1E1A83D}"
EndProject
Project("{FAE04EC0-301F-11D3-BF4B-00C04F79EFBC}") = "Dev.Controller", "Dev.Controller\Dev.Controller.csproj", "{74FE1DB0-B001-4006-AA25-2A4C5B881629}"
EndProject
Project("{FAE04EC0-301F-11D3-BF4B-00C04F79EFBC}") = "Dev.Data", "Dev.Data\Dev.Data.csproj", "{20693EAD-E522-4BDB-B7E9-312B9C4755E0}"
EndProject
Global
	GlobalSection(SolutionConfigurationPlatforms) = preSolution
		Debug|Any CPU = Debug|Any CPU
		Debug|x86 = Debug|x86
		Release|Any CPU = Release|Any CPU
		Release|x86 = Release|x86
	EndGlobalSection
	GlobalSection(ProjectConfigurationPlatforms) = postSolution
		{9AA576BD-A6C0-4A4E-A86B-D4F45343DB31}.Debug|Any CPU.ActiveCfg = Debug|x86
		{9AA576BD-A6C0-4A4E-A86B-D4F45343DB31}.Debug|Any CPU.Build.0 = Debug|x86
		{9AA576BD-A6C0-4A4E-A86B-D4F45343DB31}.Debug|x86.ActiveCfg = Debug|x86
		{9AA576BD-A6C0-4A4E-A86B-D4F45343DB31}.Debug|x86.Build.0 = Debug|x86
		{9AA576BD-A6C0-4A4E-A86B-D4F45343DB31}.Release|Any CPU.ActiveCfg = Release|x86
		{9AA576BD-A6C0-4A4E-A86B-D4F45343DB31}.Release|Any CPU.Build.0 = Release|x86
		{9AA576BD-A6C0-4A4E-A86B-D4F45343DB31}.Release|x86.ActiveCfg = Release|x86
		{9AA576BD-A6C0-4A4E-A86B-D4F45343DB31}.Release|x86.Build.0 = Release|x86
		{CDE30AEC-043E-4B66-8803-6BB44120624F}.Debug|Any CPU.ActiveCfg = Debug|Any CPU
		{CDE30AEC-043E-4B66-8803-6BB44120624F}.Debug|Any CPU.Build.0 = Debug|Any CPU
		{CDE30AEC-043E-4B66-8803-6BB44120624F}.Debug|x86.ActiveCfg = Debug|Any CPU
		{CDE30AEC-043E-4B66-8803-6BB44120624F}.Debug|x86.Build.0 = Debug|Any CPU
		{CDE30AEC-043E-4B66-8803-6BB44120624F}.Release|Any CPU.ActiveCfg = Release|Any CPU
		{CDE30AEC-043E-4B66-8803-6BB44120624F}.Release|Any CPU.Build.0 = Release|Any CPU
		{CDE30AEC-043E-4B66-8803-6BB44120624F}.Release|x86.ActiveCfg = Release|Any CPU
		{CDE30AEC-043E-4B66-8803-6BB44120624F}.Release|x86.Build.0 = Release|Any CPU
		{367BEB2F-64C6-4376-90C4-CD4B396B56F7}.Debug|Any CPU.ActiveCfg = Debug|Any CPU
		{367BEB2F-64C6-4376-90C4-CD4B396B56F7}.Debug|Any CPU.Build.0 = Debug|Any CPU
		{367BEB2F-64C6-4376-90C4-CD4B396B56F7}.Debug|x86.ActiveCfg = Debug|Any CPU
		{367BEB2F-64C6-4376-90C4-CD4B396B56F7}.Debug|x86.Build.0 = Debug|Any CPU
		{367BEB2F-64C6-4376-90C4-CD4B396B56F7}.Release|Any CPU.ActiveCfg = Release|Any CPU
		{367BEB2F-64C6-4376-90C4-CD4B396B56F7}.Release|Any CPU.Build.0 = Release|Any CPU
		{367BEB2F-64C6-4376-90C4-CD4B396B56F7}.Release|x86.ActiveCfg = Release|Any CPU
		{367BEB2F-64C6-4376-90C4-CD4B396B56F7}.Release|x86.Build.0 = Release|Any CPU
		{7B9273D5-CC8E-4DB5-9494-B4CC37F9F25C}.Debug|Any CPU.ActiveCfg = Debug|Any CPU
		{7B9273D5-CC8E-4DB5-9494-B4CC37F9F25C}.Debug|Any CPU.Build.0 = Debug|Any CPU
		{7B9273D5-CC8E-4DB5-9494-B4CC37F9F25C}.Debug|x86.ActiveCfg = Debug|Any CPU
		{7B9273D5-CC8E-4DB5-9494-B4CC37F9F25C}.Debug|x86.Build.0 = Debug|Any CPU
		{7B9273D5-CC8E-4DB5-9494-B4CC37F9F25C}.Release|Any CPU.ActiveCfg = Release|Any CPU
		{7B9273D5-CC8E-4DB5-9494-B4CC37F9F25C}.Release|Any CPU.Build.0 = Release|Any CPU
		{7B9273D5-CC8E-4DB5-9494-B4CC37F9F25C}.Release|x86.ActiveCfg = Release|Any CPU
		{7B9273D5-CC8E-4DB5-9494-B4CC37F9F25C}.Release|x86.Build.0 = Release|Any CPU
		{3CDCBB62-E373-4537-97A7-659078F56338}.Debug|Any CPU.ActiveCfg = Debug|Any CPU
		{3CDCBB62-E373-4537-97A7-659078F56338}.Debug|Any CPU.Build.0 = Debug|Any CPU
		{3CDCBB62-E373-4537-97A7-659078F56338}.Debug|x86.ActiveCfg = Debug|Any CPU
		{3CDCBB62-E373-4537-97A7-659078F56338}.Debug|x86.Build.0 = Debug|Any CPU
		{3CDCBB62-E373-4537-97A7-659078F56338}.Release|Any CPU.ActiveCfg = Release|Any CPU
		{3CDCBB62-E373-4537-97A7-659078F56338}.Release|Any CPU.Build.0 = Release|Any CPU
		{3CDCBB62-E373-4537-97A7-659078F56338}.Release|x86.ActiveCfg = Release|Any CPU
		{3CDCBB62-E373-4537-97A7-659078F56338}.Release|x86.Build.0 = Release|Any CPU
		{645BD20A-5723-40F4-9D9F-8684A1E1A83D}.Debug|Any CPU.ActiveCfg = Debug|Any CPU
		{645BD20A-5723-40F4-9D9F-8684A1E1A83D}.Debug|Any CPU.Build.0 = Debug|Any CPU
		{645BD20A-5723-40F4-9D9F-8684A1E1A83D}.Debug|x86.ActiveCfg = Debug|Any CPU
		{645BD20A-5723-40F4-9D9F-8684A1E1A83D}.Debug|x86.Build.0 = Debug|Any CPU
		{645BD20A-5723-40F4-9D9F-8684A1E1A83D}.Release|Any CPU.ActiveCfg = Release|Any CPU
		{645BD20A-5723-40F4-9D9F-8684A1E1A83D}.Release|Any CPU.Build.0 = Release|Any CPU
		{645BD20A-5723-40F4-9D9F-8684A1E1A83D}.Release|x86.ActiveCfg = Release|Any CPU
		{645BD20A-5723-40F4-9D9F-8684A1E1A83D}.Release|x86.Build.0 = Release|Any CPU
		{74FE1DB0-B001-4006-AA25-2A4C5B881629}.Debug|Any CPU.ActiveCfg = Debug|Any CPU
		{74FE1DB0-B001-4006-AA25-2A4C5B881629}.Debug|Any CPU.Build.0 = Debug|Any CPU
		{74FE1DB0-B001-4006-AA25-2A4C5B881629}.Debug|x86.ActiveCfg = Debug|Any CPU
		{74FE1DB0-B001-4006-AA25-2A4C5B881629}.Debug|x86.Build.0 = Debug|Any CPU
		{74FE1DB0-B001-4006-AA25-2A4C5B881629}.Release|Any CPU.ActiveCfg = Release|Any CPU
		{74FE1DB0-B001-4006-AA25-2A4C5B881629}.Release|Any CPU.Build.0 = Release|Any CPU
		{74FE1DB0-B001-4006-AA25-2A4C5B881629}.Release|x86.ActiveCfg = Release|Any CPU
		{74FE1DB0-B001-4006-AA25-2A4C5B881629}.Release|x86.Build.0 = Release|Any CPU
		{20693EAD-E522-4BDB-B7E9-312B9C4755E0}.Debug|Any CPU.ActiveCfg = Debug|Any CPU
		{20693EAD-E522-4BDB-B7E9-312B9C4755E0}.Debug|Any CPU.Build.0 = Debug|Any CPU
		{20693EAD-E522-4BDB-B7E9-312B9C4755E0}.Debug|x86.ActiveCfg = Debug|Any CPU
		{20693EAD-E522-4BDB-B7E9-312B9C4755E0}.Debug|x86.Build.0 = Debug|Any CPU
		{20693EAD-E522-4BDB-B7E9-312B9C4755E0}.Release|Any CPU.ActiveCfg = Release|Any CPU
		{20693EAD-E522-4BDB-B7E9-312B9C4755E0}.Release|Any CPU.Build.0 = Release|Any CPU
		{20693EAD-E522-4BDB-B7E9-312B9C4755E0}.Release|x86.ActiveCfg = Release|Any CPU
		{20693EAD-E522-4BDB-B7E9-312B9C4755E0}.Release|x86.Build.0 = Release|Any CPU
	EndGlobalSection
	GlobalSection(SolutionProperties) = preSolution
		HideSolutionNode = FALSE
	EndGlobalSection
EndGlobal
